// !$*UTF8*$!
{
	archiveVersion = 1;
	classes = {
	};
	objectVersion = 56;
	objects = {

/* Begin PBXBuildFile section */
		693EED172A60757B007ECED0 /* main.swift in Sources */ = {isa = PBXBuildFile; fileRef = 693EED162A60757B007ECED0 /* main.swift */; };
		693EED1F2A607BC9007ECED0 /* Menu.swift in Sources */ = {isa = PBXBuildFile; fileRef = 693EED1E2A607BC9007ECED0 /* Menu.swift */; };
		693EED222A609582007ECED0 /* Pokemon.swift in Sources */ = {isa = PBXBuildFile; fileRef = 693EED212A609582007ECED0 /* Pokemon.swift */; };
		693EED252A6095F6007ECED0 /* PokemonRepository.swift in Sources */ = {isa = PBXBuildFile; fileRef = 693EED242A6095F6007ECED0 /* PokemonRepository.swift */; };
		693EED282A62C25C007ECED0 /* Player.swift in Sources */ = {isa = PBXBuildFile; fileRef = 693EED272A62C25C007ECED0 /* Player.swift */; };
		693EED2A2A62C93C007ECED0 /* Console.swift in Sources */ = {isa = PBXBuildFile; fileRef = 693EED292A62C93C007ECED0 /* Console.swift */; };
		693EED2C2A6445C9007ECED0 /* PlayerRepository.swift in Sources */ = {isa = PBXBuildFile; fileRef = 693EED2B2A6445C9007ECED0 /* PlayerRepository.swift */; };
		693EED2E2A6874ED007ECED0 /* Validation.swift in Sources */ = {isa = PBXBuildFile; fileRef = 693EED2D2A6874ED007ECED0 /* Validation.swift */; };
		693EED322A698C23007ECED0 /* LocalStorage.swift in Sources */ = {isa = PBXBuildFile; fileRef = 693EED312A698C23007ECED0 /* LocalStorage.swift */; };
/* End PBXBuildFile section */

/* Begin PBXCopyFilesBuildPhase section */
		693EED112A60757B007ECED0 /* CopyFiles */ = {
			isa = PBXCopyFilesBuildPhase;
			buildActionMask = 2147483647;
			dstPath = /usr/share/man/man1/;
			dstSubfolderSpec = 0;
			files = (
			);
			runOnlyForDeploymentPostprocessing = 1;
		};
/* End PBXCopyFilesBuildPhase section */

/* Begin PBXFileReference section */
		693EED132A60757B007ECED0 /* poke-play */ = {isa = PBXFileReference; explicitFileType = "compiled.mach-o.executable"; includeInIndex = 0; path = "poke-play"; sourceTree = BUILT_PRODUCTS_DIR; };
		693EED162A60757B007ECED0 /* main.swift */ = {isa = PBXFileReference; lastKnownFileType = sourcecode.swift; path = main.swift; sourceTree = "<group>"; };
		693EED1E2A607BC9007ECED0 /* Menu.swift */ = {isa = PBXFileReference; lastKnownFileType = sourcecode.swift; path = Menu.swift; sourceTree = "<group>"; };
		693EED212A609582007ECED0 /* Pokemon.swift */ = {isa = PBXFileReference; lastKnownFileType = sourcecode.swift; path = Pokemon.swift; sourceTree = "<group>"; };
		693EED242A6095F6007ECED0 /* PokemonRepository.swift */ = {isa = PBXFileReference; lastKnownFileType = sourcecode.swift; path = PokemonRepository.swift; sourceTree = "<group>"; };
		693EED272A62C25C007ECED0 /* Player.swift */ = {isa = PBXFileReference; lastKnownFileType = sourcecode.swift; path = Player.swift; sourceTree = "<group>"; };
		693EED292A62C93C007ECED0 /* Console.swift */ = {isa = PBXFileReference; lastKnownFileType = sourcecode.swift; path = Console.swift; sourceTree = "<group>"; };
		693EED2B2A6445C9007ECED0 /* PlayerRepository.swift */ = {isa = PBXFileReference; lastKnownFileType = sourcecode.swift; path = PlayerRepository.swift; sourceTree = "<group>"; };
		693EED2D2A6874ED007ECED0 /* Validation.swift */ = {isa = PBXFileReference; lastKnownFileType = sourcecode.swift; path = Validation.swift; sourceTree = "<group>"; };
		693EED312A698C23007ECED0 /* LocalStorage.swift */ = {isa = PBXFileReference; lastKnownFileType = sourcecode.swift; path = LocalStorage.swift; sourceTree = "<group>"; };
/* End PBXFileReference section */

/* Begin PBXFrameworksBuildPhase section */
		693EED102A60757B007ECED0 /* Frameworks */ = {
			isa = PBXFrameworksBuildPhase;
			buildActionMask = 2147483647;
			files = (
			);
			runOnlyForDeploymentPostprocessing = 0;
		};
/* End PBXFrameworksBuildPhase section */

/* Begin PBXGroup section */
		693EED0A2A60757B007ECED0 = {
			isa = PBXGroup;
			children = (
				693EED232A6095E2007ECED0 /* Repository */,
				693EED202A609574007ECED0 /* Entities */,
				693EED1D2A607B7F007ECED0 /* Utils */,
				693EED152A60757B007ECED0 /* poke-play */,
				693EED142A60757B007ECED0 /* Products */,
			);
			sourceTree = "<group>";
		};
		693EED142A60757B007ECED0 /* Products */ = {
			isa = PBXGroup;
			children = (
				693EED132A60757B007ECED0 /* poke-play */,
			);
			name = Products;
			sourceTree = "<group>";
		};
		693EED152A60757B007ECED0 /* poke-play */ = {
			isa = PBXGroup;
			children = (
				693EED162A60757B007ECED0 /* main.swift */,
			);
			path = "poke-play";
			sourceTree = "<group>";
		};
		693EED1D2A607B7F007ECED0 /* Utils */ = {
			isa = PBXGroup;
			children = (
				693EED1E2A607BC9007ECED0 /* Menu.swift */,
				693EED292A62C93C007ECED0 /* Console.swift */,
				693EED2D2A6874ED007ECED0 /* Validation.swift */,
				693EED312A698C23007ECED0 /* LocalStorage.swift */,
			);
			path = Utils;
			sourceTree = "<group>";
		};
		693EED202A609574007ECED0 /* Entities */ = {
			isa = PBXGroup;
			children = (
				693EED212A609582007ECED0 /* Pokemon.swift */,
				693EED272A62C25C007ECED0 /* Player.swift */,
			);
			path = Entities;
			sourceTree = "<group>";
		};
		693EED232A6095E2007ECED0 /* Repository */ = {
			isa = PBXGroup;
			children = (
				693EED242A6095F6007ECED0 /* PokemonRepository.swift */,
				693EED2B2A6445C9007ECED0 /* PlayerRepository.swift */,
			);
			path = Repository;
			sourceTree = "<group>";
		};
/* End PBXGroup section */

/* Begin PBXNativeTarget section */
		693EED122A60757B007ECED0 /* poke-play */ = {
			isa = PBXNativeTarget;
			buildConfigurationList = 693EED1A2A60757B007ECED0 /* Build configuration list for PBXNativeTarget "poke-play" */;
			buildPhases = (
				693EED0F2A60757B007ECED0 /* Sources */,
				693EED102A60757B007ECED0 /* Frameworks */,
				693EED112A60757B007ECED0 /* CopyFiles */,
			);
			buildRules = (
			);
			dependencies = (
			);
			name = "poke-play";
			productName = "poke-play";
			productReference = 693EED132A60757B007ECED0 /* poke-play */;
			productType = "com.apple.product-type.tool";
		};
/* End PBXNativeTarget section */

/* Begin PBXProject section */
		693EED0B2A60757B007ECED0 /* Project object */ = {
			isa = PBXProject;
			attributes = {
				BuildIndependentTargetsInParallel = 1;
				LastSwiftUpdateCheck = 1430;
				LastUpgradeCheck = 1430;
				TargetAttributes = {
					693EED122A60757B007ECED0 = {
						CreatedOnToolsVersion = 14.3.1;
					};
				};
			};
			buildConfigurationList = 693EED0E2A60757B007ECED0 /* Build configuration list for PBXProject "poke-play" */;
			compatibilityVersion = "Xcode 14.0";
			developmentRegion = en;
			hasScannedForEncodings = 0;
			knownRegions = (
				en,
				Base,
			);
			mainGroup = 693EED0A2A60757B007ECED0;
			productRefGroup = 693EED142A60757B007ECED0 /* Products */;
			projectDirPath = "";
			projectRoot = "";
			targets = (
				693EED122A60757B007ECED0 /* poke-play */,
			);
		};
/* End PBXProject section */

/* Begin PBXSourcesBuildPhase section */
		693EED0F2A60757B007ECED0 /* Sources */ = {
			isa = PBXSourcesBuildPhase;
			buildActionMask = 2147483647;
			files = (
				693EED322A698C23007ECED0 /* LocalStorage.swift in Sources */,
				693EED1F2A607BC9007ECED0 /* Menu.swift in Sources */,
				693EED2A2A62C93C007ECED0 /* Console.swift in Sources */,
				693EED172A60757B007ECED0 /* main.swift in Sources */,
				693EED222A609582007ECED0 /* Pokemon.swift in Sources */,
				693EED282A62C25C007ECED0 /* Player.swift in Sources */,
				693EED2C2A6445C9007ECED0 /* PlayerRepository.swift in Sources */,
				693EED2E2A6874ED007ECED0 /* Validation.swift in Sources */,
				693EED252A6095F6007ECED0 /* PokemonRepository.swift in Sources */,
			);
			runOnlyForDeploymentPostprocessing = 0;
		};
/* End PBXSourcesBuildPhase section */

/* Begin XCBuildConfiguration section */
		693EED182A60757B007ECED0 /* Debug */ = {
			isa = XCBuildConfiguration;
			buildSettings = {
				ALWAYS_SEARCH_USER_PATHS = NO;
				CLANG_ANALYZER_NONNULL = YES;
				CLANG_ANALYZER_NUMBER_OBJECT_CONVERSION = YES_AGGRESSIVE;
				CLANG_CXX_LANGUAGE_STANDARD = "gnu++20";
				CLANG_ENABLE_MODULES = YES;
				CLANG_ENABLE_OBJC_ARC = YES;
				CLANG_ENABLE_OBJC_WEAK = YES;
				CLANG_WARN_BLOCK_CAPTURE_AUTORELEASING = YES;
				CLANG_WARN_BOOL_CONVERSION = YES;
				CLANG_WARN_COMMA = YES;
				CLANG_WARN_CONSTANT_CONVERSION = YES;
				CLANG_WARN_DEPRECATED_OBJC_IMPLEMENTATIONS = YES;
				CLANG_WARN_DIRECT_OBJC_ISA_USAGE = YES_ERROR;
				CLANG_WARN_DOCUMENTATION_COMMENTS = YES;
				CLANG_WARN_EMPTY_BODY = YES;
				CLANG_WARN_ENUM_CONVERSION = YES;
				CLANG_WARN_INFINITE_RECURSION = YES;
				CLANG_WARN_INT_CONVERSION = YES;
				CLANG_WARN_NON_LITERAL_NULL_CONVERSION = YES;
				CLANG_WARN_OBJC_IMPLICIT_RETAIN_SELF = YES;
				CLANG_WARN_OBJC_LITERAL_CONVERSION = YES;
				CLANG_WARN_OBJC_ROOT_CLASS = YES_ERROR;
				CLANG_WARN_QUOTED_INCLUDE_IN_FRAMEWORK_HEADER = YES;
				CLANG_WARN_RANGE_LOOP_ANALYSIS = YES;
				CLANG_WARN_STRICT_PROTOTYPES = YES;
				CLANG_WARN_SUSPICIOUS_MOVE = YES;
				CLANG_WARN_UNGUARDED_AVAILABILITY = YES_AGGRESSIVE;
				CLANG_WARN_UNREACHABLE_CODE = YES;
				CLANG_WARN__DUPLICATE_METHOD_MATCH = YES;
				COPY_PHASE_STRIP = NO;
				DEBUG_INFORMATION_FORMAT = dwarf;
				ENABLE_STRICT_OBJC_MSGSEND = YES;
				ENABLE_TESTABILITY = YES;
				GCC_C_LANGUAGE_STANDARD = gnu11;
				GCC_DYNAMIC_NO_PIC = NO;
				GCC_NO_COMMON_BLOCKS = YES;
				GCC_OPTIMIZATION_LEVEL = 0;
				GCC_PREPROCESSOR_DEFINITIONS = (
					"DEBUG=1",
					"$(inherited)",
				);
				GCC_WARN_64_TO_32_BIT_CONVERSION = YES;
				GCC_WARN_ABOUT_RETURN_TYPE = YES_ERROR;
				GCC_WARN_UNDECLARED_SELECTOR = YES;
				GCC_WARN_UNINITIALIZED_AUTOS = YES_AGGRESSIVE;
				GCC_WARN_UNUSED_FUNCTION = YES;
				GCC_WARN_UNUSED_VARIABLE = YES;
				MACOSX_DEPLOYMENT_TARGET = 13.3;
				MTL_ENABLE_DEBUG_INFO = INCLUDE_SOURCE;
				MTL_FAST_MATH = YES;
				ONLY_ACTIVE_ARCH = YES;
				SDKROOT = macosx;
				SWIFT_ACTIVE_COMPILATION_CONDITIONS = DEBUG;
				SWIFT_OPTIMIZATION_LEVEL = "-Onone";
			};
			name = Debug;
		};
		693EED192A60757B007ECED0 /* Release */ = {
			isa = XCBuildConfiguration;
			buildSettings = {
				ALWAYS_SEARCH_USER_PATHS = NO;
				CLANG_ANALYZER_NONNULL = YES;
				CLANG_ANALYZER_NUMBER_OBJECT_CONVERSION = YES_AGGRESSIVE;
				CLANG_CXX_LANGUAGE_STANDARD = "gnu++20";
				CLANG_ENABLE_MODULES = YES;
				CLANG_ENABLE_OBJC_ARC = YES;
				CLANG_ENABLE_OBJC_WEAK = YES;
				CLANG_WARN_BLOCK_CAPTURE_AUTORELEASING = YES;
				CLANG_WARN_BOOL_CONVERSION = YES;
				CLANG_WARN_COMMA = YES;
				CLANG_WARN_CONSTANT_CONVERSION = YES;
				CLANG_WARN_DEPRECATED_OBJC_IMPLEMENTATIONS = YES;
				CLANG_WARN_DIRECT_OBJC_ISA_USAGE = YES_ERROR;
				CLANG_WARN_DOCUMENTATION_COMMENTS = YES;
				CLANG_WARN_EMPTY_BODY = YES;
				CLANG_WARN_ENUM_CONVERSION = YES;
				CLANG_WARN_INFINITE_RECURSION = YES;
				CLANG_WARN_INT_CONVERSION = YES;
				CLANG_WARN_NON_LITERAL_NULL_CONVERSION = YES;
				CLANG_WARN_OBJC_IMPLICIT_RETAIN_SELF = YES;
				CLANG_WARN_OBJC_LITERAL_CONVERSION = YES;
				CLANG_WARN_OBJC_ROOT_CLASS = YES_ERROR;
				CLANG_WARN_QUOTED_INCLUDE_IN_FRAMEWORK_HEADER = YES;
				CLANG_WARN_RANGE_LOOP_ANALYSIS = YES;
				CLANG_WARN_STRICT_PROTOTYPES = YES;
				CLANG_WARN_SUSPICIOUS_MOVE = YES;
				CLANG_WARN_UNGUARDED_AVAILABILITY = YES_AGGRESSIVE;
				CLANG_WARN_UNREACHABLE_CODE = YES;
				CLANG_WARN__DUPLICATE_METHOD_MATCH = YES;
				COPY_PHASE_STRIP = NO;
				DEBUG_INFORMATION_FORMAT = "dwarf-with-dsym";
				ENABLE_NS_ASSERTIONS = NO;
				ENABLE_STRICT_OBJC_MSGSEND = YES;
				GCC_C_LANGUAGE_STANDARD = gnu11;
				GCC_NO_COMMON_BLOCKS = YES;
				GCC_WARN_64_TO_32_BIT_CONVERSION = YES;
				GCC_WARN_ABOUT_RETURN_TYPE = YES_ERROR;
				GCC_WARN_UNDECLARED_SELECTOR = YES;
				GCC_WARN_UNINITIALIZED_AUTOS = YES_AGGRESSIVE;
				GCC_WARN_UNUSED_FUNCTION = YES;
				GCC_WARN_UNUSED_VARIABLE = YES;
				MACOSX_DEPLOYMENT_TARGET = 13.3;
				MTL_ENABLE_DEBUG_INFO = NO;
				MTL_FAST_MATH = YES;
				SDKROOT = macosx;
				SWIFT_COMPILATION_MODE = wholemodule;
				SWIFT_OPTIMIZATION_LEVEL = "-O";
			};
			name = Release;
		};
		693EED1B2A60757B007ECED0 /* Debug */ = {
			isa = XCBuildConfiguration;
			buildSettings = {
				CODE_SIGN_STYLE = Automatic;
				PRODUCT_NAME = "$(TARGET_NAME)";
				SWIFT_VERSION = 5.0;
			};
			name = Debug;
		};
		693EED1C2A60757B007ECED0 /* Release */ = {
			isa = XCBuildConfiguration;
			buildSettings = {
				CODE_SIGN_STYLE = Automatic;
				PRODUCT_NAME = "$(TARGET_NAME)";
				SWIFT_VERSION = 5.0;
			};
			name = Release;
		};
/* End XCBuildConfiguration section */

/* Begin XCConfigurationList section */
		693EED0E2A60757B007ECED0 /* Build configuration list for PBXProject "poke-play" */ = {
			isa = XCConfigurationList;
			buildConfigurations = (
				693EED182A60757B007ECED0 /* Debug */,
				693EED192A60757B007ECED0 /* Release */,
			);
			defaultConfigurationIsVisible = 0;
			defaultConfigurationName = Release;
		};
		693EED1A2A60757B007ECED0 /* Build configuration list for PBXNativeTarget "poke-play" */ = {
			isa = XCConfigurationList;
			buildConfigurations = (
				693EED1B2A60757B007ECED0 /* Debug */,
				693EED1C2A60757B007ECED0 /* Release */,
			);
			defaultConfigurationIsVisible = 0;
			defaultConfigurationName = Release;
		};
/* End XCConfigurationList section */
	};
	rootObject = 693EED0B2A60757B007ECED0 /* Project object */;
}
